// !$*UTF8*$!
{
	archiveVersion = 1;
	classes = {
	};
	objectVersion = 46;
	objects = {

/* Begin PBXBuildFile section */
		1BD715F111CECB380089FF36 /* swap.c in Sources */ = {isa = PBXBuildFile; fileRef = 1BD715ED11CECB380089FF36 /* swap.c */; };
		1BD715F211CECB380089FF36 /* swap.h in Headers */ = {isa = PBXBuildFile; fileRef = 1BD715EE11CECB380089FF36 /* swap.h */; settings = {ATTRIBUTES = (Public, ); }; };
/* End PBXBuildFile section */

/* Begin PBXContainerItemProxy section */
		1BAC9A1F11D7F51200A1B012 /* PBXContainerItemProxy */ = {
			isa = PBXContainerItemProxy;
			containerPortal = 1BAC9A1611D7F51200A1B012 /* t.xcodeproj */;
			proxyType = 2;
			remoteGlobalIDString = 8DD76FA10486AA7600D96B5E;
			remoteInfo = t;
		};
/* End PBXContainerItemProxy section */

/* Begin PBXFileReference section */
		1BAC9A1611D7F51200A1B012 /* t.xcodeproj */ = {isa = PBXFileReference; lastKnownFileType = "wrapper.pb-project"; name = t.xcodeproj; path = t/t.xcodeproj; sourceTree = "<group>"; };
		1BD715DA11CECAF90089FF36 /* libswap.a */ = {isa = PBXFileReference; explicitFileType = archive.ar; includeInIndex = 0; path = libswap.a; sourceTree = BUILT_PRODUCTS_DIR; };
		1BD715ED11CECB380089FF36 /* swap.c */ = {isa = PBXFileReference; fileEncoding = 4; lastKnownFileType = sourcecode.c.c; path = swap.c; sourceTree = "<group>"; };
		1BD715EE11CECB380089FF36 /* swap.h */ = {isa = PBXFileReference; fileEncoding = 4; lastKnownFileType = sourcecode.c.h; path = swap.h; sourceTree = "<group>"; };
/* End PBXFileReference section */

/* Begin PBXFrameworksBuildPhase section */
		1BD715D811CECAF90089FF36 /* Frameworks */ = {
			isa = PBXFrameworksBuildPhase;
			buildActionMask = 2147483647;
			files = (
			);
			runOnlyForDeploymentPostprocessing = 0;
		};
/* End PBXFrameworksBuildPhase section */

/* Begin PBXGroup section */
		08FB7794FE84155DC02AAC07 /* swap */ = {
			isa = PBXGroup;
			children = (
				1BAC9A1611D7F51200A1B012 /* t.xcodeproj */,
				08FB7795FE84155DC02AAC07 /* Source */,
				1AB674ADFE9D54B511CA2CBB /* Products */,
			);
			name = swap;
			sourceTree = "<group>";
		};
		08FB7795FE84155DC02AAC07 /* Source */ = {
			isa = PBXGroup;
			children = (
				1BD715ED11CECB380089FF36 /* swap.c */,
				1BD715EE11CECB380089FF36 /* swap.h */,
			);
			name = Source;
			sourceTree = "<group>";
		};
		1AB674ADFE9D54B511CA2CBB /* Products */ = {
			isa = PBXGroup;
			children = (
				1BD715DA11CECAF90089FF36 /* libswap.a */,
			);
			name = Products;
			sourceTree = "<group>";
		};
		1BAC9A1711D7F51200A1B012 /* Products */ = {
			isa = PBXGroup;
			children = (
				1BAC9A2011D7F51200A1B012 /* t */,
			);
			name = Products;
			sourceTree = "<group>";
		};
/* End PBXGroup section */

/* Begin PBXHeadersBuildPhase section */
		1BD715D611CECAF90089FF36 /* Headers */ = {
			isa = PBXHeadersBuildPhase;
			buildActionMask = 2147483647;
			files = (
				1BD715F211CECB380089FF36 /* swap.h in Headers */,
			);
			runOnlyForDeploymentPostprocessing = 0;
		};
/* End PBXHeadersBuildPhase section */

/* Begin PBXNativeTarget section */
		1BD715D911CECAF90089FF36 /* swap.a */ = {
			isa = PBXNativeTarget;
			buildConfigurationList = 1BD715E611CECB100089FF36 /* Build configuration list for PBXNativeTarget "swap.a" */;
			buildPhases = (
				1BD715D611CECAF90089FF36 /* Headers */,
				1BD715D711CECAF90089FF36 /* Sources */,
				1BD715D811CECAF90089FF36 /* Frameworks */,
			);
			buildRules = (
			);
			dependencies = (
			);
			name = swap.a;
			productName = swap;
			productReference = 1BD715DA11CECAF90089FF36 /* libswap.a */;
			productType = "com.apple.product-type.library.static";
		};
/* End PBXNativeTarget section */

/* Begin PBXProject section */
		08FB7793FE84155DC02AAC07 /* Project object */ = {
			isa = PBXProject;
			attributes = {
				BuildIndependentTargetsInParallel = YES;
			};
			buildConfigurationList = 1DEB914E08733D8E0010E9CD /* Build configuration list for PBXProject "swap" */;
			compatibilityVersion = "Xcode 3.2";
			developmentRegion = English;
			hasScannedForEncodings = 1;
			knownRegions = (
				English,
				Japanese,
				French,
				German,
			);
			mainGroup = 08FB7794FE84155DC02AAC07 /* swap */;
			projectDirPath = "";
			projectReferences = (
				{
					ProductGroup = 1BAC9A1711D7F51200A1B012 /* Products */;
					ProjectRef = 1BAC9A1611D7F51200A1B012 /* t.xcodeproj */;
				},
			);
			projectRoot = "";
			targets = (
				1BD715D911CECAF90089FF36 /* swap.a */,
			);
		};
/* End PBXProject section */

/* Begin PBXReferenceProxy section */
		1BAC9A2011D7F51200A1B012 /* t */ = {
			isa = PBXReferenceProxy;
			fileType = "compiled.mach-o.executable";
			path = t;
			remoteRef = 1BAC9A1F11D7F51200A1B012 /* PBXContainerItemProxy */;
			sourceTree = BUILT_PRODUCTS_DIR;
		};
/* End PBXReferenceProxy section */

/* Begin PBXSourcesBuildPhase section */
		1BD715D711CECAF90089FF36 /* Sources */ = {
			isa = PBXSourcesBuildPhase;
			buildActionMask = 2147483647;
			files = (
				1BD715F111CECB380089FF36 /* swap.c in Sources */,
			);
			runOnlyForDeploymentPostprocessing = 0;
		};
/* End PBXSourcesBuildPhase section */

/* Begin XCBuildConfiguration section */
		1BD715DB11CECAF90089FF36 /* Debug */ = {
			isa = XCBuildConfiguration;
			buildSettings = {
				ALWAYS_SEARCH_USER_PATHS = NO;
				COPY_PHASE_STRIP = NO;
				GCC_DYNAMIC_NO_PIC = NO;
				GCC_OPTIMIZATION_LEVEL = 0;
				PREBINDING = NO;
				PRODUCT_NAME = swap;
				SDKROOT = macosx;
				SYMROOT = /tmp/build;
			};
			name = Debug;
		};
		1BD715DC11CECAF90089FF36 /* Release */ = {
			isa = XCBuildConfiguration;
			buildSettings = {
				ALWAYS_SEARCH_USER_PATHS = NO;
				COPY_PHASE_STRIP = YES;
				DEBUG_INFORMATION_FORMAT = "dwarf-with-dsym";
				GCC_ENABLE_FIX_AND_CONTINUE = NO;
				PREBINDING = NO;
				PRODUCT_NAME = swap;
				SDKROOT = macosx;
				SYMROOT = /tmp/build;
				ZERO_LINK = NO;
			};
			name = Release;
		};
		1DEB914F08733D8E0010E9CD /* Debug */ = {
			isa = XCBuildConfiguration;
			buildSettings = {
				ARCHS = "$(ARCHS_STANDARD_32_64_BIT)";
				GCC_C_LANGUAGE_STANDARD = gnu99;
				GCC_OPTIMIZATION_LEVEL = 0;
				GCC_WARN_ABOUT_RETURN_TYPE = YES;
				GCC_WARN_UNUSED_VARIABLE = YES;
				ONLY_ACTIVE_ARCH = YES;
				PREBINDING = NO;
				SDKROOT = macosx;
				SYMROOT = /tmp/build;
			};
			name = Debug;
		};
		1DEB915008733D8E0010E9CD /* Release */ = {
			isa = XCBuildConfiguration;
			buildSettings = {
				ARCHS = "$(ARCHS_STANDARD_32_64_BIT)";
				GCC_C_LANGUAGE_STANDARD = gnu99;
				GCC_WARN_ABOUT_RETURN_TYPE = YES;
				GCC_WARN_UNUSED_VARIABLE = YES;
				PREBINDING = NO;
				SDKROOT = macosx;
				SYMROOT = /tmp/build;
			};
			name = Release;
		};
/* End XCBuildConfiguration section */

/* Begin XCConfigurationList section */
		1BD715E611CECB100089FF36 /* Build configuration list for PBXNativeTarget "swap.a" */ = {
			isa = XCConfigurationList;
			buildConfigurations = (
				1BD715DB11CECAF90089FF36 /* Debug */,
				1BD715DC11CECAF90089FF36 /* Release */,
			);
			defaultConfigurationIsVisible = 0;
			defaultConfigurationName = Release;
		};
		1DEB914E08733D8E0010E9CD /* Build configuration list for PBXProject "swap" */ = {
			isa = XCConfigurationList;
			buildConfigurations = (
				1DEB914F08733D8E0010E9CD /* Debug */,
				1DEB915008733D8E0010E9CD /* Release */,
			);
			defaultConfigurationIsVisible = 0;
			defaultConfigurationName = Release;
		};
/* End XCConfigurationList section */
	};
	rootObject = 08FB7793FE84155DC02AAC07 /* Project object */;
}
