<?xml version="1.0" encoding="UTF-8"?>
<Scheme
   version = "1.8">
   <BuildAction
      parallelizeBuildables = "YES"
      buildImplicitDependencies = "YES">
      <BuildActionEntries>
         <BuildActionEntry
            buildForTesting = "YES"
            buildForRunning = "YES"
            buildForProfiling = "YES"
            buildForArchiving = "YES"
            buildForAnalyzing = "YES">
            <BuildableReference
               BuildableIdentifier = "primary"
               BlueprintIdentifier = "1BA490CA1299F420004FA697"
               BuildableName = "aes"
               BlueprintName = "aes"
               ReferencedContainer = "container:NSData+AES.xcodeproj">
            </BuildableReference>
         </BuildActionEntry>
      </BuildActionEntries>
   </BuildAction>
   <TestAction
      selectedDebuggerIdentifier = "Xcode.DebuggerFoundation.Debugger.GDB"
      selectedLauncherIdentifier = "Xcode.DebuggerFoundation.Launcher.GDB"
      shouldUseLaunchSchemeArgsEnv = "YES"
      buildConfiguration = "Debug">
      <Testables>
      </Testables>
      <CommandLineArguments>
         <CommandLineArgument
            argument = "-a"
            isEnabled = "YES">
         </CommandLineArgument>
         <CommandLineArgument
            argument = "-k"
            isEnabled = "YES">
         </CommandLineArgument>
         <CommandLineArgument
            argument = "key"
            isEnabled = "YES">
         </CommandLineArgument>
         <CommandLineArgument
            argument = "value"
            isEnabled = "YES">
         </CommandLineArgument>
      </CommandLineArguments>
   </TestAction>
   <LaunchAction
      selectedDebuggerIdentifier = "Xcode.DebuggerFoundation.Debugger.GDB"
      selectedLauncherIdentifier = "Xcode.DebuggerFoundation.Launcher.GDB"
      displayScaleIsEnabled = "NO"
      displayScale = "1.00"
      launchStyle = "0"
      useCustomWorkingDirectory = "NO"
      buildConfiguration = "Debug"
      ignoresPersistentStateOnLaunch = "NO"
      debugDocumentVersioning = "YES"
      allowLocationSimulation = "YES">
      <BuildableProductRunnable>
         <BuildableReference
            BuildableIdentifier = "primary"
            BlueprintIdentifier = "1BA490CA1299F420004FA697"
            BuildableName = "aes"
            BlueprintName = "aes"
            ReferencedContainer = "container:NSData+AES.xcodeproj">
         </BuildableReference>
      </BuildableProductRunnable>
      <CommandLineArguments>
         <CommandLineArgument
            argument = "-a"
            isEnabled = "YES">
         </CommandLineArgument>
         <CommandLineArgument
            argument = "-k"
            isEnabled = "YES">
         </CommandLineArgument>
         <CommandLineArgument
            argument = "key"
            isEnabled = "YES">
         </CommandLineArgument>
         <CommandLineArgument
            argument = "value"
            isEnabled = "YES">
         </CommandLineArgument>
      </CommandLineArguments>
      <AdditionalOptions>
      </AdditionalOptions>
   </LaunchAction>
   <ProfileAction
      displayScaleIsEnabled = "NO"
      displayScale = "1.00"
      shouldUseLaunchSchemeArgsEnv = "YES"
      savedToolIdentifier = ""
      useCustomWorkingDirectory = "NO"
      buildConfiguration = "Release"
      debugDocumentVersioning = "YES">
      <BuildableProductRunnable>
         <BuildableReference
            BuildableIdentifier = "primary"
            BlueprintIdentifier = "1BA490CA1299F420004FA697"
            BuildableName = "aes"
            BlueprintName = "aes"
            ReferencedContainer = "container:NSData+AES.xcodeproj">
         </BuildableReference>
      </BuildableProductRunnable>
      <CommandLineArguments>
         <CommandLineArgument
            argument = "-a"
            isEnabled = "YES">
         </CommandLineArgument>
         <CommandLineArgument
            argument = "-k"
            isEnabled = "YES">
         </CommandLineArgument>
         <CommandLineArgument
            argument = "key"
            isEnabled = "YES">
         </CommandLineArgument>
         <CommandLineArgument
            argument = "value"
            isEnabled = "YES">
         </CommandLineArgument>
      </CommandLineArguments>
   </ProfileAction>
   <AnalyzeAction
      buildConfiguration = "Debug">
   </AnalyzeAction>
   <ArchiveAction
      buildConfiguration = "Release"
      revealArchiveInOrganizer = "YES">
   </ArchiveAction>
</Scheme>
