// !$*UTF8*$!
{
	archiveVersion = 1;
	classes = {
	};
	objectVersion = 46;
	objects = {

/* Begin PBXBuildFile section */
		1BA490D41299F437004FA697 /* main.m in Sources */ = {isa = PBXBuildFile; fileRef = 1BA490C51299F2BE004FA697 /* main.m */; };
		1BA490EE1299F4E1004FA697 /* NSData+AESKey.h in Headers */ = {isa = PBXBuildFile; fileRef = 1BA490EA1299F4E1004FA697 /* NSData+AESKey.h */; settings = {ATTRIBUTES = (Public, ); }; };
		1BA490EF1299F4E1004FA697 /* NSData+AESKey.m in Sources */ = {isa = PBXBuildFile; fileRef = 1BA490EB1299F4E1004FA697 /* NSData+AESKey.m */; };
		1BA490F01299F4E1004FA697 /* NSData+AESValue.h in Headers */ = {isa = PBXBuildFile; fileRef = 1BA490EC1299F4E1004FA697 /* NSData+AESValue.h */; settings = {ATTRIBUTES = (Public, ); }; };
		1BA490F11299F4E1004FA697 /* NSData+AESValue.m in Sources */ = {isa = PBXBuildFile; fileRef = 1BA490ED1299F4E1004FA697 /* NSData+AESValue.m */; };
		1BA491081299F7F5004FA697 /* NSData+AES.framework in Frameworks */ = {isa = PBXBuildFile; fileRef = 8DC2EF5B0486A6940098B216 /* NSData+AES.framework */; };
		1BA49197129A0FB6004FA697 /* NSMutableData+AES.h in Headers */ = {isa = PBXBuildFile; fileRef = 1BA49191129A0FB6004FA697 /* NSMutableData+AES.h */; settings = {ATTRIBUTES = (Public, ); }; };
		1BA49198129A0FB6004FA697 /* NSMutableData+AES.m in Sources */ = {isa = PBXBuildFile; fileRef = 1BA49192129A0FB6004FA697 /* NSMutableData+AES.m */; };
		1BA494E8129AE3D9004FA697 /* NSData+Output.framework in Frameworks */ = {isa = PBXBuildFile; fileRef = 1BA494B5129AE293004FA697 /* NSData+Output.framework */; };
		1BA49518129B0699004FA697 /* NSData+AES.m in Sources */ = {isa = PBXBuildFile; fileRef = 1BD7123A11CEB9790089FF36 /* NSData+AES.m */; };
		1BA4951A129B069C004FA697 /* NSData+AESValue.m in Sources */ = {isa = PBXBuildFile; fileRef = 1BA490ED1299F4E1004FA697 /* NSData+AESValue.m */; };
		1BA4951B129B069D004FA697 /* NSMutableData+AES.m in Sources */ = {isa = PBXBuildFile; fileRef = 1BA49192129A0FB6004FA697 /* NSMutableData+AES.m */; };
		1BA4951C129B06B7004FA697 /* NSData+AES.h in Headers */ = {isa = PBXBuildFile; fileRef = 1BD7123911CEB9790089FF36 /* NSData+AES.h */; settings = {ATTRIBUTES = (Public, ); }; };
		1BA4951D129B06BA004FA697 /* NSData+AESKey.h in Headers */ = {isa = PBXBuildFile; fileRef = 1BA490EA1299F4E1004FA697 /* NSData+AESKey.h */; settings = {ATTRIBUTES = (Public, ); }; };
		1BA4951E129B06BB004FA697 /* NSData+AESKey.m in Sources */ = {isa = PBXBuildFile; fileRef = 1BA490EB1299F4E1004FA697 /* NSData+AESKey.m */; };
		1BA4951F129B06BC004FA697 /* NSData+AESValue.h in Headers */ = {isa = PBXBuildFile; fileRef = 1BA490EC1299F4E1004FA697 /* NSData+AESValue.h */; settings = {ATTRIBUTES = (Public, ); }; };
		1BA49520129B06BD004FA697 /* NSMutableData+AES.h in Headers */ = {isa = PBXBuildFile; fileRef = 1BA49191129A0FB6004FA697 /* NSMutableData+AES.h */; settings = {ATTRIBUTES = (Public, ); }; };
		1BA49524129B06FE004FA697 /* Cocoa.framework in Frameworks */ = {isa = PBXBuildFile; fileRef = 1BA49523129B06FE004FA697 /* Cocoa.framework */; };
		1BCEF921129B1B5D001DD952 /* cipher.h in Headers */ = {isa = PBXBuildFile; fileRef = 1BCEF91F129B1B5D001DD952 /* cipher.h */; settings = {ATTRIBUTES = (Public, ); }; };
		1BCEF922129B1B5D001DD952 /* cipher.m in Sources */ = {isa = PBXBuildFile; fileRef = 1BCEF920129B1B5D001DD952 /* cipher.m */; };
		1BCEF927129B1C25001DD952 /* Cocoa.framework in Frameworks */ = {isa = PBXBuildFile; fileRef = 1BA49523129B06FE004FA697 /* Cocoa.framework */; };
		1BCEF934129B1C5B001DD952 /* libSHA256AES.a in Frameworks */ = {isa = PBXBuildFile; fileRef = 1BCEF915129B1B2C001DD952 /* libSHA256AES.a */; };
		1BCEF937129B1C67001DD952 /* libNSDataAES.a in Frameworks */ = {isa = PBXBuildFile; fileRef = 1BA4950B129B0547004FA697 /* libNSDataAES.a */; };
		1BD7124011CEB9790089FF36 /* NSData+AES.h in Headers */ = {isa = PBXBuildFile; fileRef = 1BD7123911CEB9790089FF36 /* NSData+AES.h */; settings = {ATTRIBUTES = (Public, ); }; };
		1BD7124111CEB9790089FF36 /* NSData+AES.m in Sources */ = {isa = PBXBuildFile; fileRef = 1BD7123A11CEB9790089FF36 /* NSData+AES.m */; };
		8DC2EF530486A6940098B216 /* InfoPlist.strings in Resources */ = {isa = PBXBuildFile; fileRef = 089C1666FE841158C02AAC07 /* InfoPlist.strings */; };
		8DC2EF570486A6940098B216 /* Cocoa.framework in Frameworks */ = {isa = PBXBuildFile; fileRef = 1058C7B1FEA5585E11CA2CBB /* Cocoa.framework */; };
/* End PBXBuildFile section */

/* Begin PBXContainerItemProxy section */
		1BA490D21299F428004FA697 /* PBXContainerItemProxy */ = {
			isa = PBXContainerItemProxy;
			containerPortal = 0867D690FE84028FC02AAC07 /* Project object */;
			proxyType = 1;
			remoteGlobalIDString = 8DC2EF4F0486A6940098B216;
			remoteInfo = "NSData+AES";
		};
		1BA494B4129AE293004FA697 /* PBXContainerItemProxy */ = {
			isa = PBXContainerItemProxy;
			containerPortal = 1BA494A4129AE293004FA697 /* NSData+Output.xcodeproj */;
			proxyType = 2;
			remoteGlobalIDString = 8DC2EF5B0486A6940098B216;
			remoteInfo = "NSData+Output";
		};
		1BA494CB129AE355004FA697 /* PBXContainerItemProxy */ = {
			isa = PBXContainerItemProxy;
			containerPortal = 1BA494A4129AE293004FA697 /* NSData+Output.xcodeproj */;
			proxyType = 1;
			remoteGlobalIDString = 8DC2EF4F0486A6940098B216;
			remoteInfo = "NSData+Output";
		};
		1BA49548129B08D7004FA697 /* PBXContainerItemProxy */ = {
			isa = PBXContainerItemProxy;
			containerPortal = 1BA494A4129AE293004FA697 /* NSData+Output.xcodeproj */;
			proxyType = 2;
			remoteGlobalIDString = 1BA49546129B08D7004FA697;
			remoteInfo = NSDataOutput;
		};
		1BA495A0129B0ACD004FA697 /* PBXContainerItemProxy */ = {
			isa = PBXContainerItemProxy;
			containerPortal = 0867D690FE84028FC02AAC07 /* Project object */;
			proxyType = 1;
			remoteGlobalIDString = 1BA4950A129B0547004FA697;
			remoteInfo = NSDataAES;
		};
		1BA495A2129B0AD5004FA697 /* PBXContainerItemProxy */ = {
			isa = PBXContainerItemProxy;
			containerPortal = 1BA494A4129AE293004FA697 /* NSData+Output.xcodeproj */;
			proxyType = 1;
			remoteGlobalIDString = 1BA49545129B08D7004FA697;
			remoteInfo = NSDataOutput;
		};
		1BAC9AFF11D7F6CC00A1B012 /* PBXContainerItemProxy */ = {
			isa = PBXContainerItemProxy;
			containerPortal = 1BAC9AF611D7F6CC00A1B012 /* t.xcodeproj */;
			proxyType = 2;
			remoteGlobalIDString = 8DD76FA10486AA7600D96B5E;
			remoteInfo = t;
		};
		1BAC9B0111D7F6CC00A1B012 /* PBXContainerItemProxy */ = {
			isa = PBXContainerItemProxy;
			containerPortal = 1BAC9AF611D7F6CC00A1B012 /* t.xcodeproj */;
			proxyType = 2;
			remoteGlobalIDString = 1BDB9D8F11D6DE88007D2F8D;
			remoteInfo = "Unit Tests";
		};
		1BCEF923129B1C08001DD952 /* PBXContainerItemProxy */ = {
			isa = PBXContainerItemProxy;
			containerPortal = 0867D690FE84028FC02AAC07 /* Project object */;
			proxyType = 1;
			remoteGlobalIDString = 1BCEF914129B1B2C001DD952 /* SHA256AES */;
			remoteInfo = SHA256AES;
		};
		1BCEF925129B1C11001DD952 /* PBXContainerItemProxy */ = {
			isa = PBXContainerItemProxy;
			containerPortal = 0867D690FE84028FC02AAC07 /* Project object */;
			proxyType = 1;
			remoteGlobalIDString = 1BA4950A129B0547004FA697 /* NSDataAES */;
			remoteInfo = NSDataAES;
		};
/* End PBXContainerItemProxy section */

/* Begin PBXFileReference section */
		0867D69BFE84028FC02AAC07 /* Foundation.framework */ = {isa = PBXFileReference; lastKnownFileType = wrapper.framework; name = Foundation.framework; path = /System/Library/Frameworks/Foundation.framework; sourceTree = "<absolute>"; };
		0867D6A5FE840307C02AAC07 /* AppKit.framework */ = {isa = PBXFileReference; lastKnownFileType = wrapper.framework; name = AppKit.framework; path = /System/Library/Frameworks/AppKit.framework; sourceTree = "<absolute>"; };
		089C1667FE841158C02AAC07 /* English */ = {isa = PBXFileReference; fileEncoding = 4; lastKnownFileType = text.plist.strings; name = English; path = English.lproj/InfoPlist.strings; sourceTree = "<group>"; };
		1058C7B1FEA5585E11CA2CBB /* Cocoa.framework */ = {isa = PBXFileReference; lastKnownFileType = wrapper.framework; name = Cocoa.framework; path = /System/Library/Frameworks/Cocoa.framework; sourceTree = "<absolute>"; };
		1BA490C41299F2BE004FA697 /* main.h */ = {isa = PBXFileReference; fileEncoding = 4; lastKnownFileType = sourcecode.c.h; path = main.h; sourceTree = "<group>"; };
		1BA490C51299F2BE004FA697 /* main.m */ = {isa = PBXFileReference; fileEncoding = 4; lastKnownFileType = sourcecode.c.objc; path = main.m; sourceTree = "<group>"; };
		1BA490CB1299F420004FA697 /* aes */ = {isa = PBXFileReference; explicitFileType = "compiled.mach-o.executable"; includeInIndex = 0; path = aes; sourceTree = BUILT_PRODUCTS_DIR; };
		1BA490EA1299F4E1004FA697 /* NSData+AESKey.h */ = {isa = PBXFileReference; fileEncoding = 4; lastKnownFileType = sourcecode.c.h; path = "NSData+AESKey.h"; sourceTree = "<group>"; };
		1BA490EB1299F4E1004FA697 /* NSData+AESKey.m */ = {isa = PBXFileReference; fileEncoding = 4; lastKnownFileType = sourcecode.c.objc; path = "NSData+AESKey.m"; sourceTree = "<group>"; };
		1BA490EC1299F4E1004FA697 /* NSData+AESValue.h */ = {isa = PBXFileReference; fileEncoding = 4; lastKnownFileType = sourcecode.c.h; path = "NSData+AESValue.h"; sourceTree = "<group>"; };
		1BA490ED1299F4E1004FA697 /* NSData+AESValue.m */ = {isa = PBXFileReference; fileEncoding = 4; lastKnownFileType = sourcecode.c.objc; path = "NSData+AESValue.m"; sourceTree = "<group>"; };
		1BA49191129A0FB6004FA697 /* NSMutableData+AES.h */ = {isa = PBXFileReference; fileEncoding = 4; lastKnownFileType = sourcecode.c.h; path = "NSMutableData+AES.h"; sourceTree = "<group>"; };
		1BA49192129A0FB6004FA697 /* NSMutableData+AES.m */ = {isa = PBXFileReference; fileEncoding = 4; lastKnownFileType = sourcecode.c.objc; path = "NSMutableData+AES.m"; sourceTree = "<group>"; };
		1BA494A4129AE293004FA697 /* NSData+Output.xcodeproj */ = {isa = PBXFileReference; lastKnownFileType = "wrapper.pb-project"; name = "NSData+Output.xcodeproj"; path = "../NSData+Output/NSData+Output.xcodeproj"; sourceTree = SOURCE_ROOT; };
		1BA4950B129B0547004FA697 /* libNSDataAES.a */ = {isa = PBXFileReference; explicitFileType = archive.ar; includeInIndex = 0; path = libNSDataAES.a; sourceTree = BUILT_PRODUCTS_DIR; };
		1BA49523129B06FE004FA697 /* Cocoa.framework */ = {isa = PBXFileReference; lastKnownFileType = wrapper.framework; name = Cocoa.framework; path = System/Library/Frameworks/Cocoa.framework; sourceTree = SDKROOT; };
		1BAC9AF611D7F6CC00A1B012 /* t.xcodeproj */ = {isa = PBXFileReference; lastKnownFileType = "wrapper.pb-project"; name = t.xcodeproj; path = t/t.xcodeproj; sourceTree = "<group>"; };
		1BCEF915129B1B2C001DD952 /* libSHA256AES.a */ = {isa = PBXFileReference; explicitFileType = archive.ar; includeInIndex = 0; path = libSHA256AES.a; sourceTree = BUILT_PRODUCTS_DIR; };
		1BCEF91F129B1B5D001DD952 /* cipher.h */ = {isa = PBXFileReference; fileEncoding = 4; lastKnownFileType = sourcecode.c.h; path = cipher.h; sourceTree = "<group>"; };
		1BCEF920129B1B5D001DD952 /* cipher.m */ = {isa = PBXFileReference; fileEncoding = 4; lastKnownFileType = sourcecode.c.objc; path = cipher.m; sourceTree = "<group>"; };
		1BD7123711CEB9790089FF36 /* anybase.c */ = {isa = PBXFileReference; fileEncoding = 4; lastKnownFileType = sourcecode.c.c; path = anybase.c; sourceTree = "<group>"; };
		1BD7123911CEB9790089FF36 /* NSData+AES.h */ = {isa = PBXFileReference; fileEncoding = 4; lastKnownFileType = sourcecode.c.h; path = "NSData+AES.h"; sourceTree = "<group>"; };
		1BD7123A11CEB9790089FF36 /* NSData+AES.m */ = {isa = PBXFileReference; fileEncoding = 4; lastKnownFileType = sourcecode.c.objc; path = "NSData+AES.m"; sourceTree = "<group>"; };
		32DBCF5E0370ADEE00C91783 /* NSData+AES_Prefix.pch */ = {isa = PBXFileReference; fileEncoding = 4; lastKnownFileType = sourcecode.c.h; path = "NSData+AES_Prefix.pch"; sourceTree = "<group>"; };
		8DC2EF5A0486A6940098B216 /* Info.plist */ = {isa = PBXFileReference; fileEncoding = 4; lastKnownFileType = text.plist.xml; path = Info.plist; sourceTree = "<group>"; };
		8DC2EF5B0486A6940098B216 /* NSData+AES.framework */ = {isa = PBXFileReference; explicitFileType = wrapper.framework; includeInIndex = 0; path = "NSData+AES.framework"; sourceTree = BUILT_PRODUCTS_DIR; };
		D2F7E79907B2D74100F64583 /* CoreData.framework */ = {isa = PBXFileReference; lastKnownFileType = wrapper.framework; name = CoreData.framework; path = /System/Library/Frameworks/CoreData.framework; sourceTree = "<absolute>"; };
/* End PBXFileReference section */

/* Begin PBXFrameworksBuildPhase section */
		1BA490C91299F420004FA697 /* Frameworks */ = {
			isa = PBXFrameworksBuildPhase;
			buildActionMask = 2147483647;
			files = (
				1BA491081299F7F5004FA697 /* NSData+AES.framework in Frameworks */,
				1BA494E8129AE3D9004FA697 /* NSData+Output.framework in Frameworks */,
			);
			runOnlyForDeploymentPostprocessing = 0;
		};
		1BA49509129B0547004FA697 /* Frameworks */ = {
			isa = PBXFrameworksBuildPhase;
			buildActionMask = 2147483647;
			files = (
				1BCEF934129B1C5B001DD952 /* libSHA256AES.a in Frameworks */,
				1BA49524129B06FE004FA697 /* Cocoa.framework in Frameworks */,
			);
			runOnlyForDeploymentPostprocessing = 0;
		};
		1BCEF913129B1B2C001DD952 /* Frameworks */ = {
			isa = PBXFrameworksBuildPhase;
			buildActionMask = 2147483647;
			files = (
				1BCEF927129B1C25001DD952 /* Cocoa.framework in Frameworks */,
			);
			runOnlyForDeploymentPostprocessing = 0;
		};
		8DC2EF560486A6940098B216 /* Frameworks */ = {
			isa = PBXFrameworksBuildPhase;
			buildActionMask = 2147483647;
			files = (
				1BCEF937129B1C67001DD952 /* libNSDataAES.a in Frameworks */,
				8DC2EF570486A6940098B216 /* Cocoa.framework in Frameworks */,
			);
			runOnlyForDeploymentPostprocessing = 0;
		};
/* End PBXFrameworksBuildPhase section */

/* Begin PBXGroup section */
		034768DFFF38A50411DB9C8B /* Products */ = {
			isa = PBXGroup;
			children = (
				8DC2EF5B0486A6940098B216 /* NSData+AES.framework */,
				1BA490CB1299F420004FA697 /* aes */,
				1BA4950B129B0547004FA697 /* libNSDataAES.a */,
				1BCEF915129B1B2C001DD952 /* libSHA256AES.a */,
			);
			name = Products;
			sourceTree = "<group>";
		};
		0867D691FE84028FC02AAC07 /* NSData+AES */ = {
			isa = PBXGroup;
			children = (
				1BA494A4129AE293004FA697 /* NSData+Output.xcodeproj */,
				1BAC9AF611D7F6CC00A1B012 /* t.xcodeproj */,
				08FB77AEFE84172EC02AAC07 /* Classes */,
				32C88DFF0371C24200C91783 /* Other Sources */,
				089C1665FE841158C02AAC07 /* Resources */,
				0867D69AFE84028FC02AAC07 /* External Frameworks and Libraries */,
				034768DFFF38A50411DB9C8B /* Products */,
				1BA49523129B06FE004FA697 /* Cocoa.framework */,
			);
			name = "NSData+AES";
			sourceTree = "<group>";
		};
		0867D69AFE84028FC02AAC07 /* External Frameworks and Libraries */ = {
			isa = PBXGroup;
			children = (
				1058C7B0FEA5585E11CA2CBB /* Linked Frameworks */,
				1058C7B2FEA5585E11CA2CBB /* Other Frameworks */,
			);
			name = "External Frameworks and Libraries";
			sourceTree = "<group>";
		};
		089C1665FE841158C02AAC07 /* Resources */ = {
			isa = PBXGroup;
			children = (
				8DC2EF5A0486A6940098B216 /* Info.plist */,
				089C1666FE841158C02AAC07 /* InfoPlist.strings */,
			);
			name = Resources;
			sourceTree = "<group>";
		};
		08FB77AEFE84172EC02AAC07 /* Classes */ = {
			isa = PBXGroup;
			children = (
				1BA49191129A0FB6004FA697 /* NSMutableData+AES.h */,
				1BA49192129A0FB6004FA697 /* NSMutableData+AES.m */,
				1BA490EA1299F4E1004FA697 /* NSData+AESKey.h */,
				1BA490EB1299F4E1004FA697 /* NSData+AESKey.m */,
				1BA490EC1299F4E1004FA697 /* NSData+AESValue.h */,
				1BA490ED1299F4E1004FA697 /* NSData+AESValue.m */,
				1BD7123911CEB9790089FF36 /* NSData+AES.h */,
				1BD7123A11CEB9790089FF36 /* NSData+AES.m */,
				1BA490C41299F2BE004FA697 /* main.h */,
				1BA490C51299F2BE004FA697 /* main.m */,
				1BCEF91F129B1B5D001DD952 /* cipher.h */,
				1BCEF920129B1B5D001DD952 /* cipher.m */,
			);
			name = Classes;
			sourceTree = "<group>";
		};
		1058C7B0FEA5585E11CA2CBB /* Linked Frameworks */ = {
			isa = PBXGroup;
			children = (
				1058C7B1FEA5585E11CA2CBB /* Cocoa.framework */,
			);
			name = "Linked Frameworks";
			sourceTree = "<group>";
		};
		1058C7B2FEA5585E11CA2CBB /* Other Frameworks */ = {
			isa = PBXGroup;
			children = (
				0867D6A5FE840307C02AAC07 /* AppKit.framework */,
				D2F7E79907B2D74100F64583 /* CoreData.framework */,
				0867D69BFE84028FC02AAC07 /* Foundation.framework */,
			);
			name = "Other Frameworks";
			sourceTree = "<group>";
		};
		1BA494A5129AE293004FA697 /* Products */ = {
			isa = PBXGroup;
			children = (
				1BA494B5129AE293004FA697 /* NSData+Output.framework */,
				1BA49549129B08D7004FA697 /* libNSDataOutput.a */,
			);
			name = Products;
			sourceTree = "<group>";
		};
		1BAC9AF711D7F6CC00A1B012 /* Products */ = {
			isa = PBXGroup;
			children = (
				1BAC9B0011D7F6CC00A1B012 /* t */,
				1BAC9B0211D7F6CC00A1B012 /* Unit Tests.octest */,
			);
			name = Products;
			sourceTree = "<group>";
		};
		32C88DFF0371C24200C91783 /* Other Sources */ = {
			isa = PBXGroup;
			children = (
				1BD7123711CEB9790089FF36 /* anybase.c */,
				32DBCF5E0370ADEE00C91783 /* NSData+AES_Prefix.pch */,
			);
			name = "Other Sources";
			sourceTree = "<group>";
		};
/* End PBXGroup section */

/* Begin PBXHeadersBuildPhase section */
		1BA49507129B0547004FA697 /* Headers */ = {
			isa = PBXHeadersBuildPhase;
			buildActionMask = 2147483647;
			files = (
				1BA4951C129B06B7004FA697 /* NSData+AES.h in Headers */,
				1BA4951D129B06BA004FA697 /* NSData+AESKey.h in Headers */,
				1BA4951F129B06BC004FA697 /* NSData+AESValue.h in Headers */,
				1BA49520129B06BD004FA697 /* NSMutableData+AES.h in Headers */,
			);
			runOnlyForDeploymentPostprocessing = 0;
		};
		1BCEF911129B1B2C001DD952 /* Headers */ = {
			isa = PBXHeadersBuildPhase;
			buildActionMask = 2147483647;
			files = (
				1BCEF921129B1B5D001DD952 /* cipher.h in Headers */,
			);
			runOnlyForDeploymentPostprocessing = 0;
		};
		8DC2EF500486A6940098B216 /* Headers */ = {
			isa = PBXHeadersBuildPhase;
			buildActionMask = 2147483647;
			files = (
				1BD7124011CEB9790089FF36 /* NSData+AES.h in Headers */,
				1BA490EE1299F4E1004FA697 /* NSData+AESKey.h in Headers */,
				1BA490F01299F4E1004FA697 /* NSData+AESValue.h in Headers */,
				1BA49197129A0FB6004FA697 /* NSMutableData+AES.h in Headers */,
			);
			runOnlyForDeploymentPostprocessing = 0;
		};
/* End PBXHeadersBuildPhase section */

/* Begin PBXNativeTarget section */
		1BA490CA1299F420004FA697 /* aes */ = {
			isa = PBXNativeTarget;
			buildConfigurationList = 1BA490DF1299F45C004FA697 /* Build configuration list for PBXNativeTarget "aes" */;
			buildPhases = (
				1BA490C81299F420004FA697 /* Sources */,
				1BA490C91299F420004FA697 /* Frameworks */,
			);
			buildRules = (
			);
			dependencies = (
				1BA490D31299F428004FA697 /* PBXTargetDependency */,
				1BA494CC129AE355004FA697 /* PBXTargetDependency */,
				1BA495A1129B0ACD004FA697 /* PBXTargetDependency */,
				1BA495A3129B0AD5004FA697 /* PBXTargetDependency */,
			);
			name = aes;
			productName = aes;
			productReference = 1BA490CB1299F420004FA697 /* aes */;
			productType = "com.apple.product-type.tool";
		};
		1BA4950A129B0547004FA697 /* NSDataAES */ = {
			isa = PBXNativeTarget;
			buildConfigurationList = 1BA49514129B0566004FA697 /* Build configuration list for PBXNativeTarget "NSDataAES" */;
			buildPhases = (
				1BA49507129B0547004FA697 /* Headers */,
				1BA49508129B0547004FA697 /* Sources */,
				1BA49509129B0547004FA697 /* Frameworks */,
			);
			buildRules = (
			);
			dependencies = (
				1BCEF924129B1C08001DD952 /* PBXTargetDependency */,
			);
			name = NSDataAES;
			productName = NSDataAESlib;
			productReference = 1BA4950B129B0547004FA697 /* libNSDataAES.a */;
			productType = "com.apple.product-type.library.static";
		};
		1BCEF914129B1B2C001DD952 /* SHA256AES */ = {
			isa = PBXNativeTarget;
			buildConfigurationList = 1BCEF91B129B1B4A001DD952 /* Build configuration list for PBXNativeTarget "SHA256AES" */;
			buildPhases = (
				1BCEF911129B1B2C001DD952 /* Headers */,
				1BCEF912129B1B2C001DD952 /* Sources */,
				1BCEF913129B1B2C001DD952 /* Frameworks */,
			);
			buildRules = (
			);
			dependencies = (
			);
			name = SHA256AES;
			productName = SHA256AESPKCS7;
			productReference = 1BCEF915129B1B2C001DD952 /* libSHA256AES.a */;
			productType = "com.apple.product-type.library.static";
		};
		8DC2EF4F0486A6940098B216 /* NSData+AES */ = {
			isa = PBXNativeTarget;
			buildConfigurationList = 1DEB91AD08733DA50010E9CD /* Build configuration list for PBXNativeTarget "NSData+AES" */;
			buildPhases = (
				8DC2EF500486A6940098B216 /* Headers */,
				8DC2EF520486A6940098B216 /* Resources */,
				8DC2EF540486A6940098B216 /* Sources */,
				8DC2EF560486A6940098B216 /* Frameworks */,
			);
			buildRules = (
			);
			dependencies = (
				1BCEF926129B1C11001DD952 /* PBXTargetDependency */,
			);
			name = "NSData+AES";
			productInstallPath = "$(HOME)/Library/Frameworks";
			productName = "NSData+AES";
			productReference = 8DC2EF5B0486A6940098B216 /* NSData+AES.framework */;
			productType = "com.apple.product-type.framework";
		};
/* End PBXNativeTarget section */

/* Begin PBXProject section */
		0867D690FE84028FC02AAC07 /* Project object */ = {
			isa = PBXProject;
			attributes = {
				BuildIndependentTargetsInParallel = YES;
			};
			buildConfigurationList = 1DEB91B108733DA50010E9CD /* Build configuration list for PBXProject "NSData+AES" */;
			compatibilityVersion = "Xcode 3.2";
			developmentRegion = English;
			hasScannedForEncodings = 1;
			knownRegions = (
				English,
				Japanese,
				French,
				German,
			);
			mainGroup = 0867D691FE84028FC02AAC07 /* NSData+AES */;
			productRefGroup = 034768DFFF38A50411DB9C8B /* Products */;
			projectDirPath = "";
			projectReferences = (
				{
					ProductGroup = 1BA494A5129AE293004FA697 /* Products */;
					ProjectRef = 1BA494A4129AE293004FA697 /* NSData+Output.xcodeproj */;
				},
				{
					ProductGroup = 1BAC9AF711D7F6CC00A1B012 /* Products */;
					ProjectRef = 1BAC9AF611D7F6CC00A1B012 /* t.xcodeproj */;
				},
			);
			projectRoot = "";
			targets = (
				8DC2EF4F0486A6940098B216 /* NSData+AES */,
				1BA490CA1299F420004FA697 /* aes */,
				1BA4950A129B0547004FA697 /* NSDataAES */,
				1BCEF914129B1B2C001DD952 /* SHA256AES */,
			);
		};
/* End PBXProject section */

/* Begin PBXReferenceProxy section */
		1BA494B5129AE293004FA697 /* NSData+Output.framework */ = {
			isa = PBXReferenceProxy;
			fileType = wrapper.framework;
			path = "NSData+Output.framework";
			remoteRef = 1BA494B4129AE293004FA697 /* PBXContainerItemProxy */;
			sourceTree = BUILT_PRODUCTS_DIR;
		};
		1BA49549129B08D7004FA697 /* libNSDataOutput.a */ = {
			isa = PBXReferenceProxy;
			fileType = archive.ar;
			path = libNSDataOutput.a;
			remoteRef = 1BA49548129B08D7004FA697 /* PBXContainerItemProxy */;
			sourceTree = BUILT_PRODUCTS_DIR;
		};
		1BAC9B0011D7F6CC00A1B012 /* t */ = {
			isa = PBXReferenceProxy;
			fileType = "compiled.mach-o.executable";
			path = t;
			remoteRef = 1BAC9AFF11D7F6CC00A1B012 /* PBXContainerItemProxy */;
			sourceTree = BUILT_PRODUCTS_DIR;
		};
		1BAC9B0211D7F6CC00A1B012 /* Unit Tests.octest */ = {
			isa = PBXReferenceProxy;
			fileType = wrapper.cfbundle;
			path = "Unit Tests.octest";
			remoteRef = 1BAC9B0111D7F6CC00A1B012 /* PBXContainerItemProxy */;
			sourceTree = BUILT_PRODUCTS_DIR;
		};
/* End PBXReferenceProxy section */

/* Begin PBXResourcesBuildPhase section */
		8DC2EF520486A6940098B216 /* Resources */ = {
			isa = PBXResourcesBuildPhase;
			buildActionMask = 2147483647;
			files = (
				8DC2EF530486A6940098B216 /* InfoPlist.strings in Resources */,
			);
			runOnlyForDeploymentPostprocessing = 0;
		};
/* End PBXResourcesBuildPhase section */

/* Begin PBXSourcesBuildPhase section */
		1BA490C81299F420004FA697 /* Sources */ = {
			isa = PBXSourcesBuildPhase;
			buildActionMask = 2147483647;
			files = (
				1BA490D41299F437004FA697 /* main.m in Sources */,
			);
			runOnlyForDeploymentPostprocessing = 0;
		};
		1BA49508129B0547004FA697 /* Sources */ = {
			isa = PBXSourcesBuildPhase;
			buildActionMask = 2147483647;
			files = (
				1BA49518129B0699004FA697 /* NSData+AES.m in Sources */,
				1BA4951A129B069C004FA697 /* NSData+AESValue.m in Sources */,
				1BA4951B129B069D004FA697 /* NSMutableData+AES.m in Sources */,
				1BA4951E129B06BB004FA697 /* NSData+AESKey.m in Sources */,
			);
			runOnlyForDeploymentPostprocessing = 0;
		};
		1BCEF912129B1B2C001DD952 /* Sources */ = {
			isa = PBXSourcesBuildPhase;
			buildActionMask = 2147483647;
			files = (
				1BCEF922129B1B5D001DD952 /* cipher.m in Sources */,
			);
			runOnlyForDeploymentPostprocessing = 0;
		};
		8DC2EF540486A6940098B216 /* Sources */ = {
			isa = PBXSourcesBuildPhase;
			buildActionMask = 2147483647;
			files = (
				1BD7124111CEB9790089FF36 /* NSData+AES.m in Sources */,
				1BA490EF1299F4E1004FA697 /* NSData+AESKey.m in Sources */,
				1BA490F11299F4E1004FA697 /* NSData+AESValue.m in Sources */,
				1BA49198129A0FB6004FA697 /* NSMutableData+AES.m in Sources */,
			);
			runOnlyForDeploymentPostprocessing = 0;
		};
/* End PBXSourcesBuildPhase section */

/* Begin PBXTargetDependency section */
		1BA490D31299F428004FA697 /* PBXTargetDependency */ = {
			isa = PBXTargetDependency;
			target = 8DC2EF4F0486A6940098B216 /* NSData+AES */;
			targetProxy = 1BA490D21299F428004FA697 /* PBXContainerItemProxy */;
		};
		1BA494CC129AE355004FA697 /* PBXTargetDependency */ = {
			isa = PBXTargetDependency;
			name = "NSData+Output";
			targetProxy = 1BA494CB129AE355004FA697 /* PBXContainerItemProxy */;
		};
		1BA495A1129B0ACD004FA697 /* PBXTargetDependency */ = {
			isa = PBXTargetDependency;
			target = 1BA4950A129B0547004FA697 /* NSDataAES */;
			targetProxy = 1BA495A0129B0ACD004FA697 /* PBXContainerItemProxy */;
		};
		1BA495A3129B0AD5004FA697 /* PBXTargetDependency */ = {
			isa = PBXTargetDependency;
			name = NSDataOutput;
			targetProxy = 1BA495A2129B0AD5004FA697 /* PBXContainerItemProxy */;
		};
		1BCEF924129B1C08001DD952 /* PBXTargetDependency */ = {
			isa = PBXTargetDependency;
			target = 1BCEF914129B1B2C001DD952 /* SHA256AES */;
			targetProxy = 1BCEF923129B1C08001DD952 /* PBXContainerItemProxy */;
		};
		1BCEF926129B1C11001DD952 /* PBXTargetDependency */ = {
			isa = PBXTargetDependency;
			target = 1BA4950A129B0547004FA697 /* NSDataAES */;
			targetProxy = 1BCEF925129B1C11001DD952 /* PBXContainerItemProxy */;
		};
/* End PBXTargetDependency section */

/* Begin PBXVariantGroup section */
		089C1666FE841158C02AAC07 /* InfoPlist.strings */ = {
			isa = PBXVariantGroup;
			children = (
				089C1667FE841158C02AAC07 /* English */,
			);
			name = InfoPlist.strings;
			sourceTree = "<group>";
		};
/* End PBXVariantGroup section */

/* Begin XCBuildConfiguration section */
		1BA490CD1299F420004FA697 /* Debug */ = {
			isa = XCBuildConfiguration;
			buildSettings = {
				ALWAYS_SEARCH_USER_PATHS = NO;
				COPY_PHASE_STRIP = NO;
				GCC_DYNAMIC_NO_PIC = NO;
				GCC_ENABLE_FIX_AND_CONTINUE = YES;
				GCC_MODEL_TUNING = G5;
				GCC_OPTIMIZATION_LEVEL = 0;
				GCC_PRECOMPILE_PREFIX_HEADER = YES;
				GCC_PREFIX_HEADER = "$(SYSTEM_LIBRARY_DIR)/Frameworks/AppKit.framework/Headers/AppKit.h";
				INSTALL_PATH = /usr/local/bin;
				OTHER_LDFLAGS = (
					"-framework",
					Foundation,
					"-framework",
					AppKit,
				);
				PREBINDING = NO;
				PRODUCT_NAME = aes;
			};
			name = Debug;
		};
		1BA490CE1299F420004FA697 /* Release */ = {
			isa = XCBuildConfiguration;
			buildSettings = {
				ALWAYS_SEARCH_USER_PATHS = NO;
				COPY_PHASE_STRIP = YES;
				DEBUG_INFORMATION_FORMAT = "dwarf-with-dsym";
				GCC_ENABLE_FIX_AND_CONTINUE = NO;
				GCC_MODEL_TUNING = G5;
				GCC_PRECOMPILE_PREFIX_HEADER = YES;
				GCC_PREFIX_HEADER = "$(SYSTEM_LIBRARY_DIR)/Frameworks/AppKit.framework/Headers/AppKit.h";
				INSTALL_PATH = /usr/local/bin;
				OTHER_LDFLAGS = (
					"-framework",
					Foundation,
					"-framework",
					AppKit,
				);
				PREBINDING = NO;
				PRODUCT_NAME = aes;
				ZERO_LINK = NO;
			};
			name = Release;
		};
		1BA4950F129B0548004FA697 /* Debug */ = {
			isa = XCBuildConfiguration;
			buildSettings = {
				ALWAYS_SEARCH_USER_PATHS = NO;
				COPY_PHASE_STRIP = NO;
				GCC_DYNAMIC_NO_PIC = NO;
				GCC_OPTIMIZATION_LEVEL = 0;
				PREBINDING = NO;
				PRODUCT_NAME = NSDataAES;
			};
			name = Debug;
		};
		1BA49510129B0548004FA697 /* Release */ = {
			isa = XCBuildConfiguration;
			buildSettings = {
				ALWAYS_SEARCH_USER_PATHS = NO;
				COPY_PHASE_STRIP = YES;
				DEBUG_INFORMATION_FORMAT = "dwarf-with-dsym";
				GCC_ENABLE_FIX_AND_CONTINUE = NO;
				PREBINDING = NO;
				PRODUCT_NAME = NSDataAES;
				ZERO_LINK = NO;
			};
			name = Release;
		};
		1BCEF919129B1B2C001DD952 /* Debug */ = {
			isa = XCBuildConfiguration;
			buildSettings = {
				ALWAYS_SEARCH_USER_PATHS = NO;
				COPY_PHASE_STRIP = NO;
				GCC_DYNAMIC_NO_PIC = NO;
				GCC_ENABLE_FIX_AND_CONTINUE = YES;
				GCC_MODEL_TUNING = G5;
				GCC_OPTIMIZATION_LEVEL = 0;
				GCC_PRECOMPILE_PREFIX_HEADER = YES;
				GCC_PREFIX_HEADER = "$(SYSTEM_LIBRARY_DIR)/Frameworks/AppKit.framework/Headers/AppKit.h";
				INSTALL_PATH = /usr/local/lib;
				OTHER_LDFLAGS = (
					"-framework",
					Foundation,
					"-framework",
					AppKit,
				);
				PREBINDING = NO;
				PRODUCT_NAME = SHA256AES;
			};
			name = Debug;
		};
		1BCEF91A129B1B2C001DD952 /* Release */ = {
			isa = XCBuildConfiguration;
			buildSettings = {
				ALWAYS_SEARCH_USER_PATHS = NO;
				COPY_PHASE_STRIP = YES;
				DEBUG_INFORMATION_FORMAT = "dwarf-with-dsym";
				GCC_ENABLE_FIX_AND_CONTINUE = NO;
				GCC_MODEL_TUNING = G5;
				GCC_PRECOMPILE_PREFIX_HEADER = YES;
				GCC_PREFIX_HEADER = "$(SYSTEM_LIBRARY_DIR)/Frameworks/AppKit.framework/Headers/AppKit.h";
				INSTALL_PATH = /usr/local/lib;
				OTHER_LDFLAGS = (
					"-framework",
					Foundation,
					"-framework",
					AppKit,
				);
				PREBINDING = NO;
				PRODUCT_NAME = SHA256AES;
				ZERO_LINK = NO;
			};
			name = Release;
		};
		1DEB91AE08733DA50010E9CD /* Debug */ = {
			isa = XCBuildConfiguration;
			buildSettings = {
				ALWAYS_SEARCH_USER_PATHS = NO;
				COPY_PHASE_STRIP = NO;
				DYLIB_COMPATIBILITY_VERSION = 1;
				DYLIB_CURRENT_VERSION = 1;
				FRAMEWORK_SEARCH_PATHS = (
					"$(inherited)",
					/tmp/build/Debug,
				);
				FRAMEWORK_VERSION = A;
				GCC_DYNAMIC_NO_PIC = NO;
				GCC_ENABLE_FIX_AND_CONTINUE = YES;
				GCC_MODEL_TUNING = G5;
				GCC_OPTIMIZATION_LEVEL = 0;
				GCC_PRECOMPILE_PREFIX_HEADER = YES;
				GCC_PREFIX_HEADER = "NSData+AES_Prefix.pch";
				INFOPLIST_FILE = Info.plist;
				INSTALL_PATH = "$(HOME)/Library/Frameworks";
				LIBRARY_SEARCH_PATHS = (
					"$(inherited)",
					/tmp/build/Release,
				);
				PRODUCT_NAME = "NSData+AES";
				SYMROOT = /tmp/build;
				USER_HEADER_SEARCH_PATHS = /tmp/build/Debug/usr/local/include;
				WRAPPER_EXTENSION = framework;
			};
			name = Debug;
		};
		1DEB91AF08733DA50010E9CD /* Release */ = {
			isa = XCBuildConfiguration;
			buildSettings = {
				ALWAYS_SEARCH_USER_PATHS = NO;
				DEBUG_INFORMATION_FORMAT = "dwarf-with-dsym";
				DYLIB_COMPATIBILITY_VERSION = 1;
				DYLIB_CURRENT_VERSION = 1;
				FRAMEWORK_SEARCH_PATHS = (
					"$(inherited)",
					/tmp/build/Debug,
				);
				FRAMEWORK_VERSION = A;
				GCC_MODEL_TUNING = G5;
				GCC_PRECOMPILE_PREFIX_HEADER = YES;
				GCC_PREFIX_HEADER = "NSData+AES_Prefix.pch";
				INFOPLIST_FILE = Info.plist;
				INSTALL_PATH = "$(HOME)/Library/Frameworks";
				LIBRARY_SEARCH_PATHS = (
					"$(inherited)",
					/tmp/build/Release,
				);
				PRODUCT_NAME = "NSData+AES";
				SYMROOT = /tmp/build;
				USER_HEADER_SEARCH_PATHS = /tmp/build/Release/usr/local/include;
				WRAPPER_EXTENSION = framework;
			};
			name = Release;
		};
		1DEB91B208733DA50010E9CD /* Debug */ = {
			isa = XCBuildConfiguration;
			buildSettings = {
				ARCHS = "$(ARCHS_STANDARD_32_64_BIT)";
				GCC_C_LANGUAGE_STANDARD = gnu99;
				GCC_OPTIMIZATION_LEVEL = 0;
				GCC_WARN_ABOUT_RETURN_TYPE = YES;
				GCC_WARN_UNUSED_VARIABLE = YES;
				ONLY_ACTIVE_ARCH = YES;
				PREBINDING = NO;
				SDKROOT = macosx10.6;
				SYMROOT = /tmp/build;
			};
			name = Debug;
		};
		1DEB91B308733DA50010E9CD /* Release */ = {
			isa = XCBuildConfiguration;
			buildSettings = {
				ARCHS = "$(ARCHS_STANDARD_32_64_BIT)";
				GCC_C_LANGUAGE_STANDARD = gnu99;
				GCC_WARN_ABOUT_RETURN_TYPE = YES;
				GCC_WARN_UNUSED_VARIABLE = YES;
				PREBINDING = NO;
				SDKROOT = macosx10.6;
				SYMROOT = /tmp/build;
			};
			name = Release;
		};
/* End XCBuildConfiguration section */

/* Begin XCConfigurationList section */
		1BA490DF1299F45C004FA697 /* Build configuration list for PBXNativeTarget "aes" */ = {
			isa = XCConfigurationList;
			buildConfigurations = (
				1BA490CD1299F420004FA697 /* Debug */,
				1BA490CE1299F420004FA697 /* Release */,
			);
			defaultConfigurationIsVisible = 0;
			defaultConfigurationName = Release;
		};
		1BA49514129B0566004FA697 /* Build configuration list for PBXNativeTarget "NSDataAES" */ = {
			isa = XCConfigurationList;
			buildConfigurations = (
				1BA4950F129B0548004FA697 /* Debug */,
				1BA49510129B0548004FA697 /* Release */,
			);
			defaultConfigurationIsVisible = 0;
			defaultConfigurationName = Release;
		};
		1BCEF91B129B1B4A001DD952 /* Build configuration list for PBXNativeTarget "SHA256AES" */ = {
			isa = XCConfigurationList;
			buildConfigurations = (
				1BCEF919129B1B2C001DD952 /* Debug */,
				1BCEF91A129B1B2C001DD952 /* Release */,
			);
			defaultConfigurationIsVisible = 0;
			defaultConfigurationName = Release;
		};
		1DEB91AD08733DA50010E9CD /* Build configuration list for PBXNativeTarget "NSData+AES" */ = {
			isa = XCConfigurationList;
			buildConfigurations = (
				1DEB91AE08733DA50010E9CD /* Debug */,
				1DEB91AF08733DA50010E9CD /* Release */,
			);
			defaultConfigurationIsVisible = 0;
			defaultConfigurationName = Release;
		};
		1DEB91B108733DA50010E9CD /* Build configuration list for PBXProject "NSData+AES" */ = {
			isa = XCConfigurationList;
			buildConfigurations = (
				1DEB91B208733DA50010E9CD /* Debug */,
				1DEB91B308733DA50010E9CD /* Release */,
			);
			defaultConfigurationIsVisible = 0;
			defaultConfigurationName = Release;
		};
/* End XCConfigurationList section */
	};
	rootObject = 0867D690FE84028FC02AAC07 /* Project object */;
}
